
Microsoft Visual Studio Solution File, Format Version 12.00
# Visual Studio Version 16
VisualStudioVersion = 16.0.31829.152
MinimumVisualStudioVersion = 10.0.40219.1
Project("{FAE04EC0-301F-11D3-BF4B-00C04F79EFBC}") = "Uc10_OrderedLinkedLIst", "Uc10_OrderedLinkedLIst\Uc10_OrderedLinkedLIst.csproj", "{CFA765A3-0BBE-46F1-8A6B-9E6A6B59BDCA}"
EndProject
Global
	GlobalSection(SolutionConfigurationPlatforms) = preSolution
		Debug|Any CPU = Debug|Any CPU
		Release|Any CPU = Release|Any CPU
	EndGlobalSection
	GlobalSection(ProjectConfigurationPlatforms) = postSolution
		{CFA765A3-0BBE-46F1-8A6B-9E6A6B59BDCA}.Debug|Any CPU.ActiveCfg = Debug|Any CPU
		{CFA765A3-0BBE-46F1-8A6B-9E6A6B59BDCA}.Debug|Any CPU.Build.0 = Debug|Any CPU
		{CFA765A3-0BBE-46F1-8A6B-9E6A6B59BDCA}.Release|Any CPU.ActiveCfg = Release|Any CPU
		{CFA765A3-0BBE-46F1-8A6B-9E6A6B59BDCA}.Release|Any CPU.Build.0 = Release|Any CPU
	EndGlobalSection
	GlobalSection(SolutionProperties) = preSolution
		HideSolutionNode = FALSE
	EndGlobalSection
	GlobalSection(ExtensibilityGlobals) = postSolution
		SolutionGuid = {BB542657-0D21-46DE-8858-AC1B8A9A53AF}
	EndGlobalSection
EndGlobal
