
Microsoft Visual Studio Solution File, Format Version 12.00
# Visual Studio Version 16
VisualStudioVersion = 16.0.31829.152
MinimumVisualStudioVersion = 10.0.40219.1
Project("{FAE04EC0-301F-11D3-BF4B-00C04F79EFBC}") = "Uc9_DeleteSizeLinkedList", "Uc9_DeleteSizeLinkedList\Uc9_DeleteSizeLinkedList.csproj", "{BEA80D44-C457-4424-8C30-AB3DB9063305}"
EndProject
Global
	GlobalSection(SolutionConfigurationPlatforms) = preSolution
		Debug|Any CPU = Debug|Any CPU
		Release|Any CPU = Release|Any CPU
	EndGlobalSection
	GlobalSection(ProjectConfigurationPlatforms) = postSolution
		{BEA80D44-C457-4424-8C30-AB3DB9063305}.Debug|Any CPU.ActiveCfg = Debug|Any CPU
		{BEA80D44-C457-4424-8C30-AB3DB9063305}.Debug|Any CPU.Build.0 = Debug|Any CPU
		{BEA80D44-C457-4424-8C30-AB3DB9063305}.Release|Any CPU.ActiveCfg = Release|Any CPU
		{BEA80D44-C457-4424-8C30-AB3DB9063305}.Release|Any CPU.Build.0 = Release|Any CPU
	EndGlobalSection
	GlobalSection(SolutionProperties) = preSolution
		HideSolutionNode = FALSE
	EndGlobalSection
	GlobalSection(ExtensibilityGlobals) = postSolution
		SolutionGuid = {C892A96A-5456-44B2-9A6D-037AC759DC0B}
	EndGlobalSection
EndGlobal
